{
  "version": "5",
  "specifiers": {
    "jsr:@std/assert@1": "1.0.19",
    "jsr:@std/internal@^1.0.12": "1.0.12"
  },
  "jsr": {
    "@std/assert@1.0.19": {
      "integrity": "eaada96ee120cb980bc47e040f82814d786fe8162ecc53c91d8df60b8755991e",
      "dependencies": [
        "jsr:@std/internal"
      ]
    },
    "@std/internal@1.0.12": {
      "integrity": "972a634fd5bc34b242024402972cd5143eac68d8dffaca5eaa4dba30ce17b027"
    }
  },
  "workspace": {
    "dependencies": [
      "npm:@mozilla/readability@0.5",
      "npm:citty@~0.1.6",
      "npm:linkedom@0.18",
      "npm:remark-frontmatter@5",
      "npm:remark-gfm@4",
      "npm:remark@^15.0.1",
      "npm:yaml@^2.4.5",
      "npm:zod@^3.23.0"
    ],
    "packageJson": {
      "dependencies": [
        "npm:@mozilla/readability@0.5",
        "npm:@types/node@^20.12.0",
        "npm:@vitest/coverage-v8@^1.6.1",
        "npm:linkedom@0.18",
        "npm:remark-frontmatter@5",
        "npm:remark-gfm@4",
        "npm:remark@^15.0.1",
        "npm:tsx@^4.21.0",
        "npm:typescript@^5.5.0",
        "npm:vitest@^1.6.0",
        "npm:yaml@^2.4.5",
        "npm:zod@^3.23.0"
      ]
    }
  }
}
